
Microsoft Visual Studio Solution File, Format Version 12.00
# Visual Studio Version 17
VisualStudioVersion = 17.9.34728.123
MinimumVisualStudioVersion = 10.0.40219.1
Project("{9A19103F-16F7-4668-BE54-9A1E7A4F7556}") = "Logazmic", "Logazmic\Logazmic.csproj", "{9455CD69-7FFE-4A38-88A5-47F2D9BB1C3F}"
EndProject
Project("{9A19103F-16F7-4668-BE54-9A1E7A4F7556}") = "NLogSender", "NLogSender\NLogSender.csproj", "{99075202-822D-4564-9E6A-7FD878A177A6}"
EndProject
Project("{9A19103F-16F7-4668-BE54-9A1E7A4F7556}") = "Logazmic.Integration", "Logazmic.Integration\Logazmic.Integration.csproj", "{8758219F-7893-421E-B301-334A07518F57}"
EndProject
Project("{9A19103F-16F7-4668-BE54-9A1E7A4F7556}") = "Logazmic.Tests", "Logazmic.Tests\Logazmic.Tests.csproj", "{2FDA4ACC-F86A-4F09-827D-8D0CDC4AF699}"
EndProject
Project("{2150E333-8FDC-42A3-9474-1A3956D46DE8}") = ".config", ".config", "{84BB299F-0A62-4A2D-8E0E-C3DA3DEFECD9}"
	ProjectSection(SolutionItems) = preProject
		Directory.Build.props = Directory.Build.props
		Directory.Packages.props = Directory.Packages.props
	EndProjectSection
EndProject
Global
	GlobalSection(SolutionConfigurationPlatforms) = preSolution
		Debug|Any CPU = Debug|Any CPU
		Release|Any CPU = Release|Any CPU
	EndGlobalSection
	GlobalSection(ProjectConfigurationPlatforms) = postSolution
		{9455CD69-7FFE-4A38-88A5-47F2D9BB1C3F}.Debug|Any CPU.ActiveCfg = Debug|Any CPU
		{9455CD69-7FFE-4A38-88A5-47F2D9BB1C3F}.Debug|Any CPU.Build.0 = Debug|Any CPU
		{9455CD69-7FFE-4A38-88A5-47F2D9BB1C3F}.Release|Any CPU.ActiveCfg = Release|Any CPU
		{9455CD69-7FFE-4A38-88A5-47F2D9BB1C3F}.Release|Any CPU.Build.0 = Release|Any CPU
		{99075202-822D-4564-9E6A-7FD878A177A6}.Debug|Any CPU.ActiveCfg = Debug|Any CPU
		{99075202-822D-4564-9E6A-7FD878A177A6}.Debug|Any CPU.Build.0 = Debug|Any CPU
		{99075202-822D-4564-9E6A-7FD878A177A6}.Release|Any CPU.ActiveCfg = Release|Any CPU
		{99075202-822D-4564-9E6A-7FD878A177A6}.Release|Any CPU.Build.0 = Release|Any CPU
		{8758219F-7893-421E-B301-334A07518F57}.Debug|Any CPU.ActiveCfg = Debug|Any CPU
		{8758219F-7893-421E-B301-334A07518F57}.Debug|Any CPU.Build.0 = Debug|Any CPU
		{8758219F-7893-421E-B301-334A07518F57}.Release|Any CPU.ActiveCfg = Release|Any CPU
		{8758219F-7893-421E-B301-334A07518F57}.Release|Any CPU.Build.0 = Release|Any CPU
		{2FDA4ACC-F86A-4F09-827D-8D0CDC4AF699}.Debug|Any CPU.ActiveCfg = Debug|Any CPU
		{2FDA4ACC-F86A-4F09-827D-8D0CDC4AF699}.Debug|Any CPU.Build.0 = Debug|Any CPU
		{2FDA4ACC-F86A-4F09-827D-8D0CDC4AF699}.Release|Any CPU.ActiveCfg = Release|Any CPU
		{2FDA4ACC-F86A-4F09-827D-8D0CDC4AF699}.Release|Any CPU.Build.0 = Release|Any CPU
	EndGlobalSection
	GlobalSection(SolutionProperties) = preSolution
		HideSolutionNode = FALSE
	EndGlobalSection
	GlobalSection(ExtensibilityGlobals) = postSolution
		SolutionGuid = {F37DD86C-39E2-490E-82A6-182976897B04}
	EndGlobalSection
EndGlobal
